
Microsoft Visual Studio Solution File, Format Version 12.00
# Visual Studio 14
VisualStudioVersion = 14.0.25420.1
MinimumVisualStudioVersion = 10.0.40219.1
Project("{FAE04EC0-301F-11D3-BF4B-00C04F79EFBC}") = "ShareToTeams", "ShareToTeams\ShareToTeams.csproj", "{21076F2F-371F-460E-9237-0ED630E91C18}"
EndProject
Global
	GlobalSection(SolutionConfigurationPlatforms) = preSolution
		Debug|Any CPU = Debug|Any CPU
		Release|Any CPU = Release|Any CPU
	EndGlobalSection
	GlobalSection(ProjectConfigurationPlatforms) = postSolution
		{21076F2F-371F-460E-9237-0ED630E91C18}.Debug|Any CPU.ActiveCfg = Debug|Any CPU
		{21076F2F-371F-460E-9237-0ED630E91C18}.Debug|Any CPU.Build.0 = Debug|Any CPU
		{21076F2F-371F-460E-9237-0ED630E91C18}.Release|Any CPU.ActiveCfg = Release|Any CPU
		{21076F2F-371F-460E-9237-0ED630E91C18}.Release|Any CPU.Build.0 = Release|Any CPU
	EndGlobalSection
	GlobalSection(SolutionProperties) = preSolution
		HideSolutionNode = FALSE
	EndGlobalSection
	GlobalSection(ExtensibilityGlobals) = postSolution
		SolutionGuid = {5B8652F5-A63F-4999-84DF-CD00C4D70568}
	EndGlobalSection
	GlobalSection(TeamFoundationVersionControl) = preSolution
		SccNumberOfProjects = 2
		SccEnterpriseProvider = {4CA58AB2-18FA-4F8D-95D4-32DDF27D184C}
		SccTeamFoundationServer = https://canviz.visualstudio.com/defaultcollection
		SccLocalPath0 = .
		SccProjectUniqueName1 = ShareToTeams\\ShareToTeams.csproj
		SccProjectName1 = ShareToTeams
		SccLocalPath1 = ShareToTeams
	EndGlobalSection
EndGlobal
